Microsoft Visual Studio Solution File, Format Version 10.00
# Visual Studio 2008
Project("{2150E333-8FDC-42A3-9474-1A3956D46DE8}") = "(base)", "(base)", "{9785FB75-982A-5DE3-252D-3F288B9FEF5B}"
EndProject
Project("{2150E333-8FDC-42A3-9474-1A3956D46DE8}") = "(dynamic_annotations)", "(dynamic_annotations)", "{EF1E4970-C119-B0D7-F5D6-321C6AE66EDC}"
EndProject
Project("{2150E333-8FDC-42A3-9474-1A3956D46DE8}") = "(third_party)", "(third_party)", "{3E7FA5AF-27B3-2DE0-883C-12F98E7F4E81}"
EndProject
Project("{8BC9CEB8-8B4A-11D0-8D11-00A0C91BC942}") = "base", "base.vcproj", "{0BFC078D-10E5-1E26-46A4-DD6A65D3A870}"
EndProject
Project("{8BC9CEB8-8B4A-11D0-8D11-00A0C91BC942}") = "base_i18n", "base_i18n.vcproj", "{9E201604-82A4-D058-C20E-40EFA0C8DD4C}"
EndProject
Project("{8BC9CEB8-8B4A-11D0-8D11-00A0C91BC942}") = "base_i18n_nacl_win64", "base_i18n_nacl_win64.vcproj", "{67956DC9-A09D-BB1B-4599-BFE0E4531CBE}"
EndProject
Project("{8BC9CEB8-8B4A-11D0-8D11-00A0C91BC942}") = "base_jni_headers", "base_jni_headers.vcproj", "{E1A160D6-C739-9663-1E74-C85A0C4FEF49}"
EndProject
Project("{8BC9CEB8-8B4A-11D0-8D11-00A0C91BC942}") = "base_nacl_win64", "base_nacl_win64.vcproj", "{03D8E85B-63C9-4082-488D-631906C6F764}"
EndProject
Project("{8BC9CEB8-8B4A-11D0-8D11-00A0C91BC942}") = "base_static", "base_static.vcproj", "{1B1B260C-1F5C-D07A-7D05-9D70F24BA0A8}"
EndProject
Project("{8BC9CEB8-8B4A-11D0-8D11-00A0C91BC942}") = "base_static_win64", "base_static_win64.vcproj", "{3E9E259B-5391-9D5D-7946-5155C32E4516}"
EndProject
Project("{8BC9CEB8-8B4A-11D0-8D11-00A0C91BC942}") = "base_unittests", "base_unittests.vcproj", "{DAFD766C-C2AD-2638-F098-77C65B6DF561}"
	ProjectSection(ProjectDependencies) = postProject
		{0BFC078D-10E5-1E26-46A4-DD6A65D3A870} = {0BFC078D-10E5-1E26-46A4-DD6A65D3A870}
		{9E201604-82A4-D058-C20E-40EFA0C8DD4C} = {9E201604-82A4-D058-C20E-40EFA0C8DD4C}
		{1B1B260C-1F5C-D07A-7D05-9D70F24BA0A8} = {1B1B260C-1F5C-D07A-7D05-9D70F24BA0A8}
		{1846F110-8263-413F-9924-36F64DD8FE41} = {1846F110-8263-413F-9924-36F64DD8FE41}
		{6D2E9365-C662-5EC3-2A65-AD7D1FF9FF69} = {6D2E9365-C662-5EC3-2A65-AD7D1FF9FF69}
	EndProjectSection
EndProject
Project("{8BC9CEB8-8B4A-11D0-8D11-00A0C91BC942}") = "base_unittests_run", "base_unittests_run.vcproj", "{A81CD58C-5FB3-B536-DC19-43BA8B2B1E64}"
	ProjectSection(ProjectDependencies) = postProject
		{DAFD766C-C2AD-2638-F098-77C65B6DF561} = {DAFD766C-C2AD-2638-F098-77C65B6DF561}
	EndProjectSection
EndProject
Project("{8BC9CEB8-8B4A-11D0-8D11-00A0C91BC942}") = "check_example", "check_example.vcproj", "{D2EE54F4-62FB-7323-3856-2391B7BEC00F}"
	ProjectSection(ProjectDependencies) = postProject
		{0BFC078D-10E5-1E26-46A4-DD6A65D3A870} = {0BFC078D-10E5-1E26-46A4-DD6A65D3A870}
		{1B1B260C-1F5C-D07A-7D05-9D70F24BA0A8} = {1B1B260C-1F5C-D07A-7D05-9D70F24BA0A8}
		{6D2E9365-C662-5EC3-2A65-AD7D1FF9FF69} = {6D2E9365-C662-5EC3-2A65-AD7D1FF9FF69}
	EndProjectSection
EndProject
Project("{8BC9CEB8-8B4A-11D0-8D11-00A0C91BC942}") = "debug_message", "debug_message.vcproj", "{D6047981-23AE-4623-9373-514FDAFAE60F}"
EndProject
Project("{8BC9CEB8-8B4A-11D0-8D11-00A0C91BC942}") = "dynamic_annotations", "third_party\dynamic_annotations\dynamic_annotations.vcproj", "{6D2E9365-C662-5EC3-2A65-AD7D1FF9FF69}"
EndProject
Project("{8BC9CEB8-8B4A-11D0-8D11-00A0C91BC942}") = "dynamic_annotations_win64", "third_party\dynamic_annotations\dynamic_annotations_win64.vcproj", "{2D9A6637-835B-0CCF-A076-F4443C2AAFA0}"
EndProject
Project("{8BC9CEB8-8B4A-11D0-8D11-00A0C91BC942}") = "test_support_base", "test_support_base.vcproj", "{1846F110-8263-413F-9924-36F64DD8FE41}"
EndProject
Project("{8BC9CEB8-8B4A-11D0-8D11-00A0C91BC942}") = "test_support_perf", "test_support_perf.vcproj", "{10A97E39-D9F4-4090-C744-8652D0D0BAC8}"
EndProject
Global
	GlobalSection(SolutionConfigurationPlatforms) = preSolution
		Debug|Win32 = Debug|Win32
		Debug|x64 = Debug|x64
		Release|Win32 = Release|Win32
		Release|x64 = Release|x64
	EndGlobalSection
	GlobalSection(ProjectConfigurationPlatforms) = postSolution
		{0BFC078D-10E5-1E26-46A4-DD6A65D3A870}.Debug|Win32.ActiveCfg = Debug|Win32
		{0BFC078D-10E5-1E26-46A4-DD6A65D3A870}.Debug|Win32.Build.0 = Debug|Win32
		{0BFC078D-10E5-1E26-46A4-DD6A65D3A870}.Debug|x64.ActiveCfg = Debug|x64
		{0BFC078D-10E5-1E26-46A4-DD6A65D3A870}.Debug|x64.Build.0 = Debug|x64
		{0BFC078D-10E5-1E26-46A4-DD6A65D3A870}.Release|Win32.ActiveCfg = Release|Win32
		{0BFC078D-10E5-1E26-46A4-DD6A65D3A870}.Release|Win32.Build.0 = Release|Win32
		{0BFC078D-10E5-1E26-46A4-DD6A65D3A870}.Release|x64.ActiveCfg = Release|x64
		{0BFC078D-10E5-1E26-46A4-DD6A65D3A870}.Release|x64.Build.0 = Release|x64
		{9E201604-82A4-D058-C20E-40EFA0C8DD4C}.Debug|Win32.ActiveCfg = Debug|Win32
		{9E201604-82A4-D058-C20E-40EFA0C8DD4C}.Debug|Win32.Build.0 = Debug|Win32
		{9E201604-82A4-D058-C20E-40EFA0C8DD4C}.Debug|x64.ActiveCfg = Debug|x64
		{9E201604-82A4-D058-C20E-40EFA0C8DD4C}.Debug|x64.Build.0 = Debug|x64
		{9E201604-82A4-D058-C20E-40EFA0C8DD4C}.Release|Win32.ActiveCfg = Release|Win32
		{9E201604-82A4-D058-C20E-40EFA0C8DD4C}.Release|Win32.Build.0 = Release|Win32
		{9E201604-82A4-D058-C20E-40EFA0C8DD4C}.Release|x64.ActiveCfg = Release|x64
		{9E201604-82A4-D058-C20E-40EFA0C8DD4C}.Release|x64.Build.0 = Release|x64
		{67956DC9-A09D-BB1B-4599-BFE0E4531CBE}.Debug|Win32.ActiveCfg = Debug|x64
		{67956DC9-A09D-BB1B-4599-BFE0E4531CBE}.Debug|Win32.Build.0 = Debug|x64
		{67956DC9-A09D-BB1B-4599-BFE0E4531CBE}.Debug|x64.ActiveCfg = Debug|x64
		{67956DC9-A09D-BB1B-4599-BFE0E4531CBE}.Debug|x64.Build.0 = Debug|x64
		{67956DC9-A09D-BB1B-4599-BFE0E4531CBE}.Release|Win32.ActiveCfg = Release|x64
		{67956DC9-A09D-BB1B-4599-BFE0E4531CBE}.Release|Win32.Build.0 = Release|x64
		{67956DC9-A09D-BB1B-4599-BFE0E4531CBE}.Release|x64.ActiveCfg = Release|x64
		{67956DC9-A09D-BB1B-4599-BFE0E4531CBE}.Release|x64.Build.0 = Release|x64
		{E1A160D6-C739-9663-1E74-C85A0C4FEF49}.Debug|Win32.ActiveCfg = Debug|Win32
		{E1A160D6-C739-9663-1E74-C85A0C4FEF49}.Debug|Win32.Build.0 = Debug|Win32
		{E1A160D6-C739-9663-1E74-C85A0C4FEF49}.Debug|x64.ActiveCfg = Debug|x64
		{E1A160D6-C739-9663-1E74-C85A0C4FEF49}.Debug|x64.Build.0 = Debug|x64
		{E1A160D6-C739-9663-1E74-C85A0C4FEF49}.Release|Win32.ActiveCfg = Release|Win32
		{E1A160D6-C739-9663-1E74-C85A0C4FEF49}.Release|Win32.Build.0 = Release|Win32
		{E1A160D6-C739-9663-1E74-C85A0C4FEF49}.Release|x64.ActiveCfg = Release|x64
		{E1A160D6-C739-9663-1E74-C85A0C4FEF49}.Release|x64.Build.0 = Release|x64
		{03D8E85B-63C9-4082-488D-631906C6F764}.Debug|Win32.ActiveCfg = Debug|x64
		{03D8E85B-63C9-4082-488D-631906C6F764}.Debug|Win32.Build.0 = Debug|x64
		{03D8E85B-63C9-4082-488D-631906C6F764}.Debug|x64.ActiveCfg = Debug|x64
		{03D8E85B-63C9-4082-488D-631906C6F764}.Debug|x64.Build.0 = Debug|x64
		{03D8E85B-63C9-4082-488D-631906C6F764}.Release|Win32.ActiveCfg = Release|x64
		{03D8E85B-63C9-4082-488D-631906C6F764}.Release|Win32.Build.0 = Release|x64
		{03D8E85B-63C9-4082-488D-631906C6F764}.Release|x64.ActiveCfg = Release|x64
		{03D8E85B-63C9-4082-488D-631906C6F764}.Release|x64.Build.0 = Release|x64
		{1B1B260C-1F5C-D07A-7D05-9D70F24BA0A8}.Debug|Win32.ActiveCfg = Debug|Win32
		{1B1B260C-1F5C-D07A-7D05-9D70F24BA0A8}.Debug|Win32.Build.0 = Debug|Win32
		{1B1B260C-1F5C-D07A-7D05-9D70F24BA0A8}.Debug|x64.ActiveCfg = Debug|x64
		{1B1B260C-1F5C-D07A-7D05-9D70F24BA0A8}.Debug|x64.Build.0 = Debug|x64
		{1B1B260C-1F5C-D07A-7D05-9D70F24BA0A8}.Release|Win32.ActiveCfg = Release|Win32
		{1B1B260C-1F5C-D07A-7D05-9D70F24BA0A8}.Release|Win32.Build.0 = Release|Win32
		{1B1B260C-1F5C-D07A-7D05-9D70F24BA0A8}.Release|x64.ActiveCfg = Release|x64
		{1B1B260C-1F5C-D07A-7D05-9D70F24BA0A8}.Release|x64.Build.0 = Release|x64
		{3E9E259B-5391-9D5D-7946-5155C32E4516}.Debug|Win32.ActiveCfg = Debug|x64
		{3E9E259B-5391-9D5D-7946-5155C32E4516}.Debug|Win32.Build.0 = Debug|x64
		{3E9E259B-5391-9D5D-7946-5155C32E4516}.Debug|x64.ActiveCfg = Debug|x64
		{3E9E259B-5391-9D5D-7946-5155C32E4516}.Debug|x64.Build.0 = Debug|x64
		{3E9E259B-5391-9D5D-7946-5155C32E4516}.Release|Win32.ActiveCfg = Release|x64
		{3E9E259B-5391-9D5D-7946-5155C32E4516}.Release|Win32.Build.0 = Release|x64
		{3E9E259B-5391-9D5D-7946-5155C32E4516}.Release|x64.ActiveCfg = Release|x64
		{3E9E259B-5391-9D5D-7946-5155C32E4516}.Release|x64.Build.0 = Release|x64
		{DAFD766C-C2AD-2638-F098-77C65B6DF561}.Debug|Win32.ActiveCfg = Debug|Win32
		{DAFD766C-C2AD-2638-F098-77C65B6DF561}.Debug|Win32.Build.0 = Debug|Win32
		{DAFD766C-C2AD-2638-F098-77C65B6DF561}.Debug|x64.ActiveCfg = Debug|x64
		{DAFD766C-C2AD-2638-F098-77C65B6DF561}.Debug|x64.Build.0 = Debug|x64
		{DAFD766C-C2AD-2638-F098-77C65B6DF561}.Release|Win32.ActiveCfg = Release|Win32
		{DAFD766C-C2AD-2638-F098-77C65B6DF561}.Release|Win32.Build.0 = Release|Win32
		{DAFD766C-C2AD-2638-F098-77C65B6DF561}.Release|x64.ActiveCfg = Release|x64
		{DAFD766C-C2AD-2638-F098-77C65B6DF561}.Release|x64.Build.0 = Release|x64
		{A81CD58C-5FB3-B536-DC19-43BA8B2B1E64}.Debug|Win32.ActiveCfg = Debug|Win32
		{A81CD58C-5FB3-B536-DC19-43BA8B2B1E64}.Debug|Win32.Build.0 = Debug|Win32
		{A81CD58C-5FB3-B536-DC19-43BA8B2B1E64}.Debug|x64.ActiveCfg = Debug|x64
		{A81CD58C-5FB3-B536-DC19-43BA8B2B1E64}.Debug|x64.Build.0 = Debug|x64
		{A81CD58C-5FB3-B536-DC19-43BA8B2B1E64}.Release|Win32.ActiveCfg = Release|Win32
		{A81CD58C-5FB3-B536-DC19-43BA8B2B1E64}.Release|Win32.Build.0 = Release|Win32
		{A81CD58C-5FB3-B536-DC19-43BA8B2B1E64}.Release|x64.ActiveCfg = Release|x64
		{A81CD58C-5FB3-B536-DC19-43BA8B2B1E64}.Release|x64.Build.0 = Release|x64
		{D2EE54F4-62FB-7323-3856-2391B7BEC00F}.Debug|Win32.ActiveCfg = Debug|Win32
		{D2EE54F4-62FB-7323-3856-2391B7BEC00F}.Debug|Win32.Build.0 = Debug|Win32
		{D2EE54F4-62FB-7323-3856-2391B7BEC00F}.Debug|x64.ActiveCfg = Debug|x64
		{D2EE54F4-62FB-7323-3856-2391B7BEC00F}.Debug|x64.Build.0 = Debug|x64
		{D2EE54F4-62FB-7323-3856-2391B7BEC00F}.Release|Win32.ActiveCfg = Release|Win32
		{D2EE54F4-62FB-7323-3856-2391B7BEC00F}.Release|Win32.Build.0 = Release|Win32
		{D2EE54F4-62FB-7323-3856-2391B7BEC00F}.Release|x64.ActiveCfg = Release|x64
		{D2EE54F4-62FB-7323-3856-2391B7BEC00F}.Release|x64.Build.0 = Release|x64
		{D6047981-23AE-4623-9373-514FDAFAE60F}.Debug|Win32.ActiveCfg = Debug|Win32
		{D6047981-23AE-4623-9373-514FDAFAE60F}.Debug|Win32.Build.0 = Debug|Win32
		{D6047981-23AE-4623-9373-514FDAFAE60F}.Debug|x64.ActiveCfg = Debug|x64
		{D6047981-23AE-4623-9373-514FDAFAE60F}.Debug|x64.Build.0 = Debug|x64
		{D6047981-23AE-4623-9373-514FDAFAE60F}.Release|Win32.ActiveCfg = Release|Win32
		{D6047981-23AE-4623-9373-514FDAFAE60F}.Release|Win32.Build.0 = Release|Win32
		{D6047981-23AE-4623-9373-514FDAFAE60F}.Release|x64.ActiveCfg = Release|x64
		{D6047981-23AE-4623-9373-514FDAFAE60F}.Release|x64.Build.0 = Release|x64
		{6D2E9365-C662-5EC3-2A65-AD7D1FF9FF69}.Debug|Win32.ActiveCfg = Debug|Win32
		{6D2E9365-C662-5EC3-2A65-AD7D1FF9FF69}.Debug|Win32.Build.0 = Debug|Win32
		{6D2E9365-C662-5EC3-2A65-AD7D1FF9FF69}.Debug|x64.ActiveCfg = Debug|x64
		{6D2E9365-C662-5EC3-2A65-AD7D1FF9FF69}.Debug|x64.Build.0 = Debug|x64
		{6D2E9365-C662-5EC3-2A65-AD7D1FF9FF69}.Release|Win32.ActiveCfg = Release|Win32
		{6D2E9365-C662-5EC3-2A65-AD7D1FF9FF69}.Release|Win32.Build.0 = Release|Win32
		{6D2E9365-C662-5EC3-2A65-AD7D1FF9FF69}.Release|x64.ActiveCfg = Release|x64
		{6D2E9365-C662-5EC3-2A65-AD7D1FF9FF69}.Release|x64.Build.0 = Release|x64
		{2D9A6637-835B-0CCF-A076-F4443C2AAFA0}.Debug|Win32.ActiveCfg = Debug|x64
		{2D9A6637-835B-0CCF-A076-F4443C2AAFA0}.Debug|Win32.Build.0 = Debug|x64
		{2D9A6637-835B-0CCF-A076-F4443C2AAFA0}.Debug|x64.ActiveCfg = Debug|x64
		{2D9A6637-835B-0CCF-A076-F4443C2AAFA0}.Debug|x64.Build.0 = Debug|x64
		{2D9A6637-835B-0CCF-A076-F4443C2AAFA0}.Release|Win32.ActiveCfg = Release|x64
		{2D9A6637-835B-0CCF-A076-F4443C2AAFA0}.Release|Win32.Build.0 = Release|x64
		{2D9A6637-835B-0CCF-A076-F4443C2AAFA0}.Release|x64.ActiveCfg = Release|x64
		{2D9A6637-835B-0CCF-A076-F4443C2AAFA0}.Release|x64.Build.0 = Release|x64
		{1846F110-8263-413F-9924-36F64DD8FE41}.Debug|Win32.ActiveCfg = Debug|Win32
		{1846F110-8263-413F-9924-36F64DD8FE41}.Debug|Win32.Build.0 = Debug|Win32
		{1846F110-8263-413F-9924-36F64DD8FE41}.Debug|x64.ActiveCfg = Debug|x64
		{1846F110-8263-413F-9924-36F64DD8FE41}.Debug|x64.Build.0 = Debug|x64
		{1846F110-8263-413F-9924-36F64DD8FE41}.Release|Win32.ActiveCfg = Release|Win32
		{1846F110-8263-413F-9924-36F64DD8FE41}.Release|Win32.Build.0 = Release|Win32
		{1846F110-8263-413F-9924-36F64DD8FE41}.Release|x64.ActiveCfg = Release|x64
		{1846F110-8263-413F-9924-36F64DD8FE41}.Release|x64.Build.0 = Release|x64
		{10A97E39-D9F4-4090-C744-8652D0D0BAC8}.Debug|Win32.ActiveCfg = Debug|Win32
		{10A97E39-D9F4-4090-C744-8652D0D0BAC8}.Debug|Win32.Build.0 = Debug|Win32
		{10A97E39-D9F4-4090-C744-8652D0D0BAC8}.Debug|x64.ActiveCfg = Debug|x64
		{10A97E39-D9F4-4090-C744-8652D0D0BAC8}.Debug|x64.Build.0 = Debug|x64
		{10A97E39-D9F4-4090-C744-8652D0D0BAC8}.Release|Win32.ActiveCfg = Release|Win32
		{10A97E39-D9F4-4090-C744-8652D0D0BAC8}.Release|Win32.Build.0 = Release|Win32
		{10A97E39-D9F4-4090-C744-8652D0D0BAC8}.Release|x64.ActiveCfg = Release|x64
		{10A97E39-D9F4-4090-C744-8652D0D0BAC8}.Release|x64.Build.0 = Release|x64
	EndGlobalSection
	GlobalSection(SolutionProperties) = preSolution
		HideSolutionNode = FALSE
	EndGlobalSection
	GlobalSection(NestedProjects) = preSolution
		{3E7FA5AF-27B3-2DE0-883C-12F98E7F4E81} = {9785FB75-982A-5DE3-252D-3F288B9FEF5B}
		{0BFC078D-10E5-1E26-46A4-DD6A65D3A870} = {9785FB75-982A-5DE3-252D-3F288B9FEF5B}
		{9E201604-82A4-D058-C20E-40EFA0C8DD4C} = {9785FB75-982A-5DE3-252D-3F288B9FEF5B}
		{67956DC9-A09D-BB1B-4599-BFE0E4531CBE} = {9785FB75-982A-5DE3-252D-3F288B9FEF5B}
		{E1A160D6-C739-9663-1E74-C85A0C4FEF49} = {9785FB75-982A-5DE3-252D-3F288B9FEF5B}
		{03D8E85B-63C9-4082-488D-631906C6F764} = {9785FB75-982A-5DE3-252D-3F288B9FEF5B}
		{1B1B260C-1F5C-D07A-7D05-9D70F24BA0A8} = {9785FB75-982A-5DE3-252D-3F288B9FEF5B}
		{3E9E259B-5391-9D5D-7946-5155C32E4516} = {9785FB75-982A-5DE3-252D-3F288B9FEF5B}
		{DAFD766C-C2AD-2638-F098-77C65B6DF561} = {9785FB75-982A-5DE3-252D-3F288B9FEF5B}
		{A81CD58C-5FB3-B536-DC19-43BA8B2B1E64} = {9785FB75-982A-5DE3-252D-3F288B9FEF5B}
		{D2EE54F4-62FB-7323-3856-2391B7BEC00F} = {9785FB75-982A-5DE3-252D-3F288B9FEF5B}
		{D6047981-23AE-4623-9373-514FDAFAE60F} = {9785FB75-982A-5DE3-252D-3F288B9FEF5B}
		{1846F110-8263-413F-9924-36F64DD8FE41} = {9785FB75-982A-5DE3-252D-3F288B9FEF5B}
		{10A97E39-D9F4-4090-C744-8652D0D0BAC8} = {9785FB75-982A-5DE3-252D-3F288B9FEF5B}
		{EF1E4970-C119-B0D7-F5D6-321C6AE66EDC} = {3E7FA5AF-27B3-2DE0-883C-12F98E7F4E81}
		{6D2E9365-C662-5EC3-2A65-AD7D1FF9FF69} = {EF1E4970-C119-B0D7-F5D6-321C6AE66EDC}
		{2D9A6637-835B-0CCF-A076-F4443C2AAFA0} = {EF1E4970-C119-B0D7-F5D6-321C6AE66EDC}
	EndGlobalSection
EndGlobal
